
Microsoft Visual Studio Solution File, Format Version 12.00
# Visual Studio Version 16
VisualStudioVersion = 16.0.29102.190
MinimumVisualStudioVersion = 10.0.40219.1
Project("{151D2E53-A2C4-4D7D-83FE-D05416EBD58E}") = "ARG WEBAPP SQL", "ARG WEBAPP SQL.deployproj", "{7CBE8DB0-5B08-4578-96F7-D87E96C067FB}"
EndProject
Global
	GlobalSection(SolutionConfigurationPlatforms) = preSolution
		Debug|Any CPU = Debug|Any CPU
		Release|Any CPU = Release|Any CPU
	EndGlobalSection
	GlobalSection(ProjectConfigurationPlatforms) = postSolution
		{7CBE8DB0-5B08-4578-96F7-D87E96C067FB}.Debug|Any CPU.ActiveCfg = Debug|Any CPU
		{7CBE8DB0-5B08-4578-96F7-D87E96C067FB}.Debug|Any CPU.Build.0 = Debug|Any CPU
		{7CBE8DB0-5B08-4578-96F7-D87E96C067FB}.Release|Any CPU.ActiveCfg = Release|Any CPU
		{7CBE8DB0-5B08-4578-96F7-D87E96C067FB}.Release|Any CPU.Build.0 = Release|Any CPU
	EndGlobalSection
	GlobalSection(SolutionProperties) = preSolution
		HideSolutionNode = FALSE
	EndGlobalSection
	GlobalSection(ExtensibilityGlobals) = postSolution
		SolutionGuid = {EB6B0190-56D9-4E94-BC45-08EE69CE4F6A}
	EndGlobalSection
EndGlobal
